version = 1
revision = 2
requires-python = ">=3.13"

[manifest]
members = [
    "python-projects",
    "simple-http-server",
]

[[package]]
name = "python-projects"
version = "1.0"
source = { virtual = "." }

[[package]]
name = "simple-http-server"
version = "0.1.0"
source = { virtual = "simple-http-server" }
